// !$*UTF8*$!
{
	archiveVersion = 1;
	classes = {
	};
	objectVersion = 55;
	objects = {

/* Begin PBXBuildFile section */
		DC2C2253287AFFEA00D441FC /* AppDelegate.swift in Sources */ = {isa = PBXBuildFile; fileRef = DC2C2252287AFFEA00D441FC /* AppDelegate.swift */; };
		DC2C2255287AFFEA00D441FC /* SceneDelegate.swift in Sources */ = {isa = PBXBuildFile; fileRef = DC2C2254287AFFEA00D441FC /* SceneDelegate.swift */; };
		DC2C2257287AFFEA00D441FC /* ViewController.swift in Sources */ = {isa = PBXBuildFile; fileRef = DC2C2256287AFFEA00D441FC /* ViewController.swift */; };
		DC2C225A287AFFEA00D441FC /* Main.storyboard in Resources */ = {isa = PBXBuildFile; fileRef = DC2C2258287AFFEA00D441FC /* Main.storyboard */; };
		DC2C225C287AFFEC00D441FC /* Assets.xcassets in Resources */ = {isa = PBXBuildFile; fileRef = DC2C225B287AFFEC00D441FC /* Assets.xcassets */; };
		DC2C225F287AFFEC00D441FC /* LaunchScreen.storyboard in Resources */ = {isa = PBXBuildFile; fileRef = DC2C225D287AFFEC00D441FC /* LaunchScreen.storyboard */; };
		DC2C226B287B522700D441FC /* CentralViewLayout.swift in Sources */ = {isa = PBXBuildFile; fileRef = DC2C226A287B522700D441FC /* CentralViewLayout.swift */; };
/* End PBXBuildFile section */

/* Begin PBXFileReference section */
		DC2C224F287AFFEA00D441FC /* InstagridP4Mikungu.app */ = {isa = PBXFileReference; explicitFileType = wrapper.application; includeInIndex = 0; path = InstagridP4Mikungu.app; sourceTree = BUILT_PRODUCTS_DIR; };
		DC2C2252287AFFEA00D441FC /* AppDelegate.swift */ = {isa = PBXFileReference; lastKnownFileType = sourcecode.swift; path = AppDelegate.swift; sourceTree = "<group>"; };
		DC2C2254287AFFEA00D441FC /* SceneDelegate.swift */ = {isa = PBXFileReference; lastKnownFileType = sourcecode.swift; path = SceneDelegate.swift; sourceTree = "<group>"; };
		DC2C2256287AFFEA00D441FC /* ViewController.swift */ = {isa = PBXFileReference; lastKnownFileType = sourcecode.swift; path = ViewController.swift; sourceTree = "<group>"; };
		DC2C2259287AFFEA00D441FC /* Base */ = {isa = PBXFileReference; lastKnownFileType = file.storyboard; name = Base; path = Base.lproj/Main.storyboard; sourceTree = "<group>"; };
		DC2C225B287AFFEC00D441FC /* Assets.xcassets */ = {isa = PBXFileReference; lastKnownFileType = folder.assetcatalog; path = Assets.xcassets; sourceTree = "<group>"; };
		DC2C225E287AFFEC00D441FC /* Base */ = {isa = PBXFileReference; lastKnownFileType = file.storyboard; name = Base; path = Base.lproj/LaunchScreen.storyboard; sourceTree = "<group>"; };
		DC2C2260287AFFEC00D441FC /* Info.plist */ = {isa = PBXFileReference; lastKnownFileType = text.plist.xml; path = Info.plist; sourceTree = "<group>"; };
		DC2C226A287B522700D441FC /* CentralViewLayout.swift */ = {isa = PBXFileReference; lastKnownFileType = sourcecode.swift; path = CentralViewLayout.swift; sourceTree = "<group>"; };
/* End PBXFileReference section */

/* Begin PBXFrameworksBuildPhase section */
		DC2C224C287AFFEA00D441FC /* Frameworks */ = {
			isa = PBXFrameworksBuildPhase;
			buildActionMask = 2147483647;
			files = (
			);
			runOnlyForDeploymentPostprocessing = 0;
		};
/* End PBXFrameworksBuildPhase section */

/* Begin PBXGroup section */
		DC2C2246287AFFEA00D441FC = {
			isa = PBXGroup;
			children = (
				DC2C2251287AFFEA00D441FC /* InstagridP4Mikungu */,
				DC2C2250287AFFEA00D441FC /* Products */,
			);
			sourceTree = "<group>";
		};
		DC2C2250287AFFEA00D441FC /* Products */ = {
			isa = PBXGroup;
			children = (
				DC2C224F287AFFEA00D441FC /* InstagridP4Mikungu.app */,
			);
			name = Products;
			sourceTree = "<group>";
		};
		DC2C2251287AFFEA00D441FC /* InstagridP4Mikungu */ = {
			isa = PBXGroup;
			children = (
				DC2C2266287B02C000D441FC /* Model */,
				DC2C2267287B02D600D441FC /* Controller */,
				DC2C2268287B030600D441FC /* View */,
				DC2C2269287B033300D441FC /* Supporting Files */,
			);
			path = InstagridP4Mikungu;
			sourceTree = "<group>";
		};
		DC2C2266287B02C000D441FC /* Model */ = {
			isa = PBXGroup;
			children = (
			);
			path = Model;
			sourceTree = "<group>";
		};
		DC2C2267287B02D600D441FC /* Controller */ = {
			isa = PBXGroup;
			children = (
				DC2C2256287AFFEA00D441FC /* ViewController.swift */,
			);
			path = Controller;
			sourceTree = "<group>";
		};
		DC2C2268287B030600D441FC /* View */ = {
			isa = PBXGroup;
			children = (
				DC2C2258287AFFEA00D441FC /* Main.storyboard */,
				DC2C226A287B522700D441FC /* CentralViewLayout.swift */,
			);
			path = View;
			sourceTree = "<group>";
		};
		DC2C2269287B033300D441FC /* Supporting Files */ = {
			isa = PBXGroup;
			children = (
				DC2C2252287AFFEA00D441FC /* AppDelegate.swift */,
				DC2C2254287AFFEA00D441FC /* SceneDelegate.swift */,
				DC2C225B287AFFEC00D441FC /* Assets.xcassets */,
				DC2C225D287AFFEC00D441FC /* LaunchScreen.storyboard */,
				DC2C2260287AFFEC00D441FC /* Info.plist */,
			);
			path = "Supporting Files";
			sourceTree = "<group>";
		};
/* End PBXGroup section */

/* Begin PBXNativeTarget section */
		DC2C224E287AFFEA00D441FC /* InstagridP4Mikungu */ = {
			isa = PBXNativeTarget;
			buildConfigurationList = DC2C2263287AFFEC00D441FC /* Build configuration list for PBXNativeTarget "InstagridP4Mikungu" */;
			buildPhases = (
				DC2C224B287AFFEA00D441FC /* Sources */,
				DC2C224C287AFFEA00D441FC /* Frameworks */,
				DC2C224D287AFFEA00D441FC /* Resources */,
			);
			buildRules = (
			);
			dependencies = (
			);
			name = InstagridP4Mikungu;
			productName = InstagridP4Mikungu;
			productReference = DC2C224F287AFFEA00D441FC /* InstagridP4Mikungu.app */;
			productType = "com.apple.product-type.application";
		};
/* End PBXNativeTarget section */

/* Begin PBXProject section */
		DC2C2247287AFFEA00D441FC /* Project object */ = {
			isa = PBXProject;
			attributes = {
				BuildIndependentTargetsInParallel = 1;
				LastSwiftUpdateCheck = 1340;
				LastUpgradeCheck = 1340;
				TargetAttributes = {
					DC2C224E287AFFEA00D441FC = {
						CreatedOnToolsVersion = 13.4.1;
					};
				};
			};
			buildConfigurationList = DC2C224A287AFFEA00D441FC /* Build configuration list for PBXProject "InstagridP4Mikungu" */;
			compatibilityVersion = "Xcode 13.0";
			developmentRegion = en;
			hasScannedForEncodings = 0;
			knownRegions = (
				en,
				Base,
			);
			mainGroup = DC2C2246287AFFEA00D441FC;
			productRefGroup = DC2C2250287AFFEA00D441FC /* Products */;
			projectDirPath = "";
			projectRoot = "";
			targets = (
				DC2C224E287AFFEA00D441FC /* InstagridP4Mikungu */,
			);
		};
/* End PBXProject section */

/* Begin PBXResourcesBuildPhase section */
		DC2C224D287AFFEA00D441FC /* Resources */ = {
			isa = PBXResourcesBuildPhase;
			buildActionMask = 2147483647;
			files = (
				DC2C225F287AFFEC00D441FC /* LaunchScreen.storyboard in Resources */,
				DC2C225C287AFFEC00D441FC /* Assets.xcassets in Resources */,
				DC2C225A287AFFEA00D441FC /* Main.storyboard in Resources */,
			);
			runOnlyForDeploymentPostprocessing = 0;
		};
/* End PBXResourcesBuildPhase section */

/* Begin PBXSourcesBuildPhase section */
		DC2C224B287AFFEA00D441FC /* Sources */ = {
			isa = PBXSourcesBuildPhase;
			buildActionMask = 2147483647;
			files = (
				DC2C226B287B522700D441FC /* CentralViewLayout.swift in Sources */,
				DC2C2257287AFFEA00D441FC /* ViewController.swift in Sources */,
				DC2C2253287AFFEA00D441FC /* AppDelegate.swift in Sources */,
				DC2C2255287AFFEA00D441FC /* SceneDelegate.swift in Sources */,
			);
			runOnlyForDeploymentPostprocessing = 0;
		};
/* End PBXSourcesBuildPhase section */

/* Begin PBXVariantGroup section */
		DC2C2258287AFFEA00D441FC /* Main.storyboard */ = {
			isa = PBXVariantGroup;
			children = (
				DC2C2259287AFFEA00D441FC /* Base */,
			);
			name = Main.storyboard;
			sourceTree = "<group>";
		};
		DC2C225D287AFFEC00D441FC /* LaunchScreen.storyboard */ = {
			isa = PBXVariantGroup;
			children = (
				DC2C225E287AFFEC00D441FC /* Base */,
			);
			name = LaunchScreen.storyboard;
			sourceTree = "<group>";
		};
/* End PBXVariantGroup section */

/* Begin XCBuildConfiguration section */
		DC2C2261287AFFEC00D441FC /* Debug */ = {
			isa = XCBuildConfiguration;
			buildSettings = {
				ALWAYS_SEARCH_USER_PATHS = NO;
				CLANG_ANALYZER_NONNULL = YES;
				CLANG_ANALYZER_NUMBER_OBJECT_CONVERSION = YES_AGGRESSIVE;
				CLANG_CXX_LANGUAGE_STANDARD = "gnu++17";
				CLANG_ENABLE_MODULES = YES;
				CLANG_ENABLE_OBJC_ARC = YES;
				CLANG_ENABLE_OBJC_WEAK = YES;
				CLANG_WARN_BLOCK_CAPTURE_AUTORELEASING = YES;
				CLANG_WARN_BOOL_CONVERSION = YES;
				CLANG_WARN_COMMA = YES;
				CLANG_WARN_CONSTANT_CONVERSION = YES;
				CLANG_WARN_DEPRECATED_OBJC_IMPLEMENTATIONS = YES;
				CLANG_WARN_DIRECT_OBJC_ISA_USAGE = YES_ERROR;
				CLANG_WARN_DOCUMENTATION_COMMENTS = YES;
				CLANG_WARN_EMPTY_BODY = YES;
				CLANG_WARN_ENUM_CONVERSION = YES;
				CLANG_WARN_INFINITE_RECURSION = YES;
				CLANG_WARN_INT_CONVERSION = YES;
				CLANG_WARN_NON_LITERAL_NULL_CONVERSION = YES;
				CLANG_WARN_OBJC_IMPLICIT_RETAIN_SELF = YES;
				CLANG_WARN_OBJC_LITERAL_CONVERSION = YES;
				CLANG_WARN_OBJC_ROOT_CLASS = YES_ERROR;
				CLANG_WARN_QUOTED_INCLUDE_IN_FRAMEWORK_HEADER = YES;
				CLANG_WARN_RANGE_LOOP_ANALYSIS = YES;
				CLANG_WARN_STRICT_PROTOTYPES = YES;
				CLANG_WARN_SUSPICIOUS_MOVE = YES;
				CLANG_WARN_UNGUARDED_AVAILABILITY = YES_AGGRESSIVE;
				CLANG_WARN_UNREACHABLE_CODE = YES;
				CLANG_WARN__DUPLICATE_METHOD_MATCH = YES;
				COPY_PHASE_STRIP = NO;
				DEBUG_INFORMATION_FORMAT = dwarf;
				ENABLE_STRICT_OBJC_MSGSEND = YES;
				ENABLE_TESTABILITY = YES;
				GCC_C_LANGUAGE_STANDARD = gnu11;
				GCC_DYNAMIC_NO_PIC = NO;
				GCC_NO_COMMON_BLOCKS = YES;
				GCC_OPTIMIZATION_LEVEL = 0;
				GCC_PREPROCESSOR_DEFINITIONS = (
					"DEBUG=1",
					"$(inherited)",
				);
				GCC_WARN_64_TO_32_BIT_CONVERSION = YES;
				GCC_WARN_ABOUT_RETURN_TYPE = YES_ERROR;
				GCC_WARN_UNDECLARED_SELECTOR = YES;
				GCC_WARN_UNINITIALIZED_AUTOS = YES_AGGRESSIVE;
				GCC_WARN_UNUSED_FUNCTION = YES;
				GCC_WARN_UNUSED_VARIABLE = YES;
				IPHONEOS_DEPLOYMENT_TARGET = 15.5;
				MTL_ENABLE_DEBUG_INFO = INCLUDE_SOURCE;
				MTL_FAST_MATH = YES;
				ONLY_ACTIVE_ARCH = YES;
				SDKROOT = iphoneos;
				SWIFT_ACTIVE_COMPILATION_CONDITIONS = DEBUG;
				SWIFT_OPTIMIZATION_LEVEL = "-Onone";
			};
			name = Debug;
		};
		DC2C2262287AFFEC00D441FC /* Release */ = {
			isa = XCBuildConfiguration;
			buildSettings = {
				ALWAYS_SEARCH_USER_PATHS = NO;
				CLANG_ANALYZER_NONNULL = YES;
				CLANG_ANALYZER_NUMBER_OBJECT_CONVERSION = YES_AGGRESSIVE;
				CLANG_CXX_LANGUAGE_STANDARD = "gnu++17";
				CLANG_ENABLE_MODULES = YES;
				CLANG_ENABLE_OBJC_ARC = YES;
				CLANG_ENABLE_OBJC_WEAK = YES;
				CLANG_WARN_BLOCK_CAPTURE_AUTORELEASING = YES;
				CLANG_WARN_BOOL_CONVERSION = YES;
				CLANG_WARN_COMMA = YES;
				CLANG_WARN_CONSTANT_CONVERSION = YES;
				CLANG_WARN_DEPRECATED_OBJC_IMPLEMENTATIONS = YES;
				CLANG_WARN_DIRECT_OBJC_ISA_USAGE = YES_ERROR;
				CLANG_WARN_DOCUMENTATION_COMMENTS = YES;
				CLANG_WARN_EMPTY_BODY = YES;
				CLANG_WARN_ENUM_CONVERSION = YES;
				CLANG_WARN_INFINITE_RECURSION = YES;
				CLANG_WARN_INT_CONVERSION = YES;
				CLANG_WARN_NON_LITERAL_NULL_CONVERSION = YES;
				CLANG_WARN_OBJC_IMPLICIT_RETAIN_SELF = YES;
				CLANG_WARN_OBJC_LITERAL_CONVERSION = YES;
				CLANG_WARN_OBJC_ROOT_CLASS = YES_ERROR;
				CLANG_WARN_QUOTED_INCLUDE_IN_FRAMEWORK_HEADER = YES;
				CLANG_WARN_RANGE_LOOP_ANALYSIS = YES;
				CLANG_WARN_STRICT_PROTOTYPES = YES;
				CLANG_WARN_SUSPICIOUS_MOVE = YES;
				CLANG_WARN_UNGUARDED_AVAILABILITY = YES_AGGRESSIVE;
				CLANG_WARN_UNREACHABLE_CODE = YES;
				CLANG_WARN__DUPLICATE_METHOD_MATCH = YES;
				COPY_PHASE_STRIP = NO;
				DEBUG_INFORMATION_FORMAT = "dwarf-with-dsym";
				ENABLE_NS_ASSERTIONS = NO;
				ENABLE_STRICT_OBJC_MSGSEND = YES;
				GCC_C_LANGUAGE_STANDARD = gnu11;
				GCC_NO_COMMON_BLOCKS = YES;
				GCC_WARN_64_TO_32_BIT_CONVERSION = YES;
				GCC_WARN_ABOUT_RETURN_TYPE = YES_ERROR;
				GCC_WARN_UNDECLARED_SELECTOR = YES;
				GCC_WARN_UNINITIALIZED_AUTOS = YES_AGGRESSIVE;
				GCC_WARN_UNUSED_FUNCTION = YES;
				GCC_WARN_UNUSED_VARIABLE = YES;
				IPHONEOS_DEPLOYMENT_TARGET = 15.5;
				MTL_ENABLE_DEBUG_INFO = NO;
				MTL_FAST_MATH = YES;
				SDKROOT = iphoneos;
				SWIFT_COMPILATION_MODE = wholemodule;
				SWIFT_OPTIMIZATION_LEVEL = "-O";
				VALIDATE_PRODUCT = YES;
			};
			name = Release;
		};
		DC2C2264287AFFEC00D441FC /* Debug */ = {
			isa = XCBuildConfiguration;
			buildSettings = {
				ASSETCATALOG_COMPILER_APPICON_NAME = AppIcon;
				ASSETCATALOG_COMPILER_GLOBAL_ACCENT_COLOR_NAME = AccentColor;
				CODE_SIGN_STYLE = Automatic;
				CURRENT_PROJECT_VERSION = 1;
				GENERATE_INFOPLIST_FILE = YES;
				INFOPLIST_FILE = InstagridP4Mikungu/Info.plist;
				INFOPLIST_KEY_UIApplicationSupportsIndirectInputEvents = YES;
				INFOPLIST_KEY_UILaunchStoryboardName = LaunchScreen;
				INFOPLIST_KEY_UIMainStoryboardFile = Main;
				INFOPLIST_KEY_UISupportedInterfaceOrientations = "UIInterfaceOrientationPortrait UIInterfaceOrientationLandscapeLeft";
				INFOPLIST_KEY_UISupportedInterfaceOrientations_iPad = "UIInterfaceOrientationPortrait UIInterfaceOrientationPortraitUpsideDown UIInterfaceOrientationLandscapeLeft UIInterfaceOrientationLandscapeRight";
				INFOPLIST_KEY_UISupportedInterfaceOrientations_iPhone = "UIInterfaceOrientationPortrait UIInterfaceOrientationLandscapeLeft UIInterfaceOrientationLandscapeRight";
				LD_RUNPATH_SEARCH_PATHS = (
					"$(inherited)",
					"@executable_path/Frameworks",
				);
				MARKETING_VERSION = 1.0;
				PRODUCT_BUNDLE_IDENTIFIER = OpenClassrooms.InstagridP4Mikungu;
				PRODUCT_NAME = "$(TARGET_NAME)";
				SWIFT_EMIT_LOC_STRINGS = YES;
				SWIFT_VERSION = 5.0;
				TARGETED_DEVICE_FAMILY = 1;
			};
			name = Debug;
		};
		DC2C2265287AFFEC00D441FC /* Release */ = {
			isa = XCBuildConfiguration;
			buildSettings = {
				ASSETCATALOG_COMPILER_APPICON_NAME = AppIcon;
				ASSETCATALOG_COMPILER_GLOBAL_ACCENT_COLOR_NAME = AccentColor;
				CODE_SIGN_STYLE = Automatic;
				CURRENT_PROJECT_VERSION = 1;
				GENERATE_INFOPLIST_FILE = YES;
				INFOPLIST_FILE = InstagridP4Mikungu/Info.plist;
				INFOPLIST_KEY_UIApplicationSupportsIndirectInputEvents = YES;
				INFOPLIST_KEY_UILaunchStoryboardName = LaunchScreen;
				INFOPLIST_KEY_UIMainStoryboardFile = Main;
				INFOPLIST_KEY_UISupportedInterfaceOrientations = "UIInterfaceOrientationPortrait UIInterfaceOrientationLandscapeLeft";
				INFOPLIST_KEY_UISupportedInterfaceOrientations_iPad = "UIInterfaceOrientationPortrait UIInterfaceOrientationPortraitUpsideDown UIInterfaceOrientationLandscapeLeft UIInterfaceOrientationLandscapeRight";
				INFOPLIST_KEY_UISupportedInterfaceOrientations_iPhone = "UIInterfaceOrientationPortrait UIInterfaceOrientationLandscapeLeft UIInterfaceOrientationLandscapeRight";
				LD_RUNPATH_SEARCH_PATHS = (
					"$(inherited)",
					"@executable_path/Frameworks",
				);
				MARKETING_VERSION = 1.0;
				PRODUCT_BUNDLE_IDENTIFIER = OpenClassrooms.InstagridP4Mikungu;
				PRODUCT_NAME = "$(TARGET_NAME)";
				SWIFT_EMIT_LOC_STRINGS = YES;
				SWIFT_VERSION = 5.0;
				TARGETED_DEVICE_FAMILY = 1;
			};
			name = Release;
		};
/* End XCBuildConfiguration section */

/* Begin XCConfigurationList section */
		DC2C224A287AFFEA00D441FC /* Build configuration list for PBXProject "InstagridP4Mikungu" */ = {
			isa = XCConfigurationList;
			buildConfigurations = (
				DC2C2261287AFFEC00D441FC /* Debug */,
				DC2C2262287AFFEC00D441FC /* Release */,
			);
			defaultConfigurationIsVisible = 0;
			defaultConfigurationName = Release;
		};
		DC2C2263287AFFEC00D441FC /* Build configuration list for PBXNativeTarget "InstagridP4Mikungu" */ = {
			isa = XCConfigurationList;
			buildConfigurations = (
				DC2C2264287AFFEC00D441FC /* Debug */,
				DC2C2265287AFFEC00D441FC /* Release */,
			);
			defaultConfigurationIsVisible = 0;
			defaultConfigurationName = Release;
		};
/* End XCConfigurationList section */
	};
	rootObject = DC2C2247287AFFEA00D441FC /* Project object */;
}
